
Microsoft Visual Studio Solution File, Format Version 12.00
# Visual Studio Version 16
VisualStudioVersion = 16.0.30114.105
MinimumVisualStudioVersion = 10.0.40219.1
Project("{FAE04EC0-301F-11D3-BF4B-00C04F79EFBC}") = "GameTop", "GameTOP\GameTop.csproj", "{2DEB8710-B1AB-43D6-B865-ADE0FBF54B9E}"
EndProject
Project("{FAE04EC0-301F-11D3-BF4B-00C04F79EFBC}") = "GameTop.Lib", "GameTOP.Lib\GameTop.Lib.csproj", "{D51844ED-8935-4AB3-AD94-080BC70DD5DF}"
EndProject
Project("{FAE04EC0-301F-11D3-BF4B-00C04F79EFBC}") = "GameTOP.Interface", "GameTOP.Interface\GameTOP.Interface.csproj", "{20E2C9DA-B2B9-45A8-A4B1-B6AD593F8196}"
EndProject
Global
	GlobalSection(SolutionConfigurationPlatforms) = preSolution
		Debug|Any CPU = Debug|Any CPU
		Debug|x64 = Debug|x64
		Debug|x86 = Debug|x86
		Release|Any CPU = Release|Any CPU
		Release|x64 = Release|x64
		Release|x86 = Release|x86
	EndGlobalSection
	GlobalSection(SolutionProperties) = preSolution
		HideSolutionNode = FALSE
	EndGlobalSection
	GlobalSection(ProjectConfigurationPlatforms) = postSolution
		{2DEB8710-B1AB-43D6-B865-ADE0FBF54B9E}.Debug|Any CPU.ActiveCfg = Debug|Any CPU
		{2DEB8710-B1AB-43D6-B865-ADE0FBF54B9E}.Debug|Any CPU.Build.0 = Debug|Any CPU
		{2DEB8710-B1AB-43D6-B865-ADE0FBF54B9E}.Debug|x64.ActiveCfg = Debug|Any CPU
		{2DEB8710-B1AB-43D6-B865-ADE0FBF54B9E}.Debug|x64.Build.0 = Debug|Any CPU
		{2DEB8710-B1AB-43D6-B865-ADE0FBF54B9E}.Debug|x86.ActiveCfg = Debug|Any CPU
		{2DEB8710-B1AB-43D6-B865-ADE0FBF54B9E}.Debug|x86.Build.0 = Debug|Any CPU
		{2DEB8710-B1AB-43D6-B865-ADE0FBF54B9E}.Release|Any CPU.ActiveCfg = Release|Any CPU
		{2DEB8710-B1AB-43D6-B865-ADE0FBF54B9E}.Release|Any CPU.Build.0 = Release|Any CPU
		{2DEB8710-B1AB-43D6-B865-ADE0FBF54B9E}.Release|x64.ActiveCfg = Release|Any CPU
		{2DEB8710-B1AB-43D6-B865-ADE0FBF54B9E}.Release|x64.Build.0 = Release|Any CPU
		{2DEB8710-B1AB-43D6-B865-ADE0FBF54B9E}.Release|x86.ActiveCfg = Release|Any CPU
		{2DEB8710-B1AB-43D6-B865-ADE0FBF54B9E}.Release|x86.Build.0 = Release|Any CPU
		{D51844ED-8935-4AB3-AD94-080BC70DD5DF}.Debug|Any CPU.ActiveCfg = Debug|Any CPU
		{D51844ED-8935-4AB3-AD94-080BC70DD5DF}.Debug|Any CPU.Build.0 = Debug|Any CPU
		{D51844ED-8935-4AB3-AD94-080BC70DD5DF}.Debug|x64.ActiveCfg = Debug|Any CPU
		{D51844ED-8935-4AB3-AD94-080BC70DD5DF}.Debug|x64.Build.0 = Debug|Any CPU
		{D51844ED-8935-4AB3-AD94-080BC70DD5DF}.Debug|x86.ActiveCfg = Debug|Any CPU
		{D51844ED-8935-4AB3-AD94-080BC70DD5DF}.Debug|x86.Build.0 = Debug|Any CPU
		{D51844ED-8935-4AB3-AD94-080BC70DD5DF}.Release|Any CPU.ActiveCfg = Release|Any CPU
		{D51844ED-8935-4AB3-AD94-080BC70DD5DF}.Release|Any CPU.Build.0 = Release|Any CPU
		{D51844ED-8935-4AB3-AD94-080BC70DD5DF}.Release|x64.ActiveCfg = Release|Any CPU
		{D51844ED-8935-4AB3-AD94-080BC70DD5DF}.Release|x64.Build.0 = Release|Any CPU
		{D51844ED-8935-4AB3-AD94-080BC70DD5DF}.Release|x86.ActiveCfg = Release|Any CPU
		{D51844ED-8935-4AB3-AD94-080BC70DD5DF}.Release|x86.Build.0 = Release|Any CPU
		{20E2C9DA-B2B9-45A8-A4B1-B6AD593F8196}.Debug|Any CPU.ActiveCfg = Debug|Any CPU
		{20E2C9DA-B2B9-45A8-A4B1-B6AD593F8196}.Debug|Any CPU.Build.0 = Debug|Any CPU
		{20E2C9DA-B2B9-45A8-A4B1-B6AD593F8196}.Debug|x64.ActiveCfg = Debug|Any CPU
		{20E2C9DA-B2B9-45A8-A4B1-B6AD593F8196}.Debug|x64.Build.0 = Debug|Any CPU
		{20E2C9DA-B2B9-45A8-A4B1-B6AD593F8196}.Debug|x86.ActiveCfg = Debug|Any CPU
		{20E2C9DA-B2B9-45A8-A4B1-B6AD593F8196}.Debug|x86.Build.0 = Debug|Any CPU
		{20E2C9DA-B2B9-45A8-A4B1-B6AD593F8196}.Release|Any CPU.ActiveCfg = Release|Any CPU
		{20E2C9DA-B2B9-45A8-A4B1-B6AD593F8196}.Release|Any CPU.Build.0 = Release|Any CPU
		{20E2C9DA-B2B9-45A8-A4B1-B6AD593F8196}.Release|x64.ActiveCfg = Release|Any CPU
		{20E2C9DA-B2B9-45A8-A4B1-B6AD593F8196}.Release|x64.Build.0 = Release|Any CPU
		{20E2C9DA-B2B9-45A8-A4B1-B6AD593F8196}.Release|x86.ActiveCfg = Release|Any CPU
		{20E2C9DA-B2B9-45A8-A4B1-B6AD593F8196}.Release|x86.Build.0 = Release|Any CPU
	EndGlobalSection
EndGlobal
